
Microsoft Visual Studio Solution File, Format Version 12.00
# Visual Studio Version 17
VisualStudioVersion = 17.1.32319.34
MinimumVisualStudioVersion = 10.0.40219.1
Project("{FAE04EC0-301F-11D3-BF4B-00C04F79EFBC}") = "monetization", "monetization\monetization.csproj", "{EDEEF7A9-71F8-4AA5-92B8-80C7404FE249}"
EndProject
Project("{FAE04EC0-301F-11D3-BF4B-00C04F79EFBC}") = "pado", "pado\pado.csproj", "{7EB0FBE0-48FA-453C-95A7-ABCE8AE6B531}"
EndProject
Project("{E53339B2-1760-4266-BCC7-CA923CBCF16C}") = "docker-compose", "docker-compose.dcproj", "{6FC3D83F-450F-41CF-9E2B-9A0ECFDB6AFC}"
EndProject
Global
	GlobalSection(SolutionConfigurationPlatforms) = preSolution
		Debug|Any CPU = Debug|Any CPU
		Release|Any CPU = Release|Any CPU
	EndGlobalSection
	GlobalSection(ProjectConfigurationPlatforms) = postSolution
		{EDEEF7A9-71F8-4AA5-92B8-80C7404FE249}.Debug|Any CPU.ActiveCfg = Debug|Any CPU
		{EDEEF7A9-71F8-4AA5-92B8-80C7404FE249}.Debug|Any CPU.Build.0 = Debug|Any CPU
		{EDEEF7A9-71F8-4AA5-92B8-80C7404FE249}.Release|Any CPU.ActiveCfg = Release|Any CPU
		{EDEEF7A9-71F8-4AA5-92B8-80C7404FE249}.Release|Any CPU.Build.0 = Release|Any CPU
		{7EB0FBE0-48FA-453C-95A7-ABCE8AE6B531}.Debug|Any CPU.ActiveCfg = Debug|Any CPU
		{7EB0FBE0-48FA-453C-95A7-ABCE8AE6B531}.Debug|Any CPU.Build.0 = Debug|Any CPU
		{7EB0FBE0-48FA-453C-95A7-ABCE8AE6B531}.Release|Any CPU.ActiveCfg = Release|Any CPU
		{7EB0FBE0-48FA-453C-95A7-ABCE8AE6B531}.Release|Any CPU.Build.0 = Release|Any CPU
		{6FC3D83F-450F-41CF-9E2B-9A0ECFDB6AFC}.Debug|Any CPU.ActiveCfg = Debug|Any CPU
		{6FC3D83F-450F-41CF-9E2B-9A0ECFDB6AFC}.Debug|Any CPU.Build.0 = Debug|Any CPU
		{6FC3D83F-450F-41CF-9E2B-9A0ECFDB6AFC}.Release|Any CPU.ActiveCfg = Release|Any CPU
		{6FC3D83F-450F-41CF-9E2B-9A0ECFDB6AFC}.Release|Any CPU.Build.0 = Release|Any CPU
	EndGlobalSection
	GlobalSection(SolutionProperties) = preSolution
		HideSolutionNode = FALSE
	EndGlobalSection
	GlobalSection(ExtensibilityGlobals) = postSolution
		SolutionGuid = {27185F70-5602-4499-ACC2-E5E8DB043673}
	EndGlobalSection
EndGlobal
